<?xml version="1.0" encoding="utf-8"?>
<Project ToolsVersion="4.0" xmlns="http://schemas.microsoft.com/developer/msbuild/2003">
  <ItemGroup>
    <ClCompile Include="main.cpp" />
    <ClCompile Include="Game.cpp">
      <Filter>App</Filter>
    </ClCompile>
    <ClCompile Include="AGameObject.cpp">
      <Filter>App\GameObjects</Filter>
    </ClCompile>
    <ClCompile Include="GameObjectManager.cpp">
      <Filter>App\GameObjects</Filter>
    </ClCompile>
    <ClCompile Include="IconDisplay.cpp">
      <Filter>App\Entities\IconDisplay</Filter>
    </ClCompile>
    <ClCompile Include="Icon.cpp">
      <Filter>App\Entities\IconDisplay</Filter>
    </ClCompile>
    <ClCompile Include="TextureManager.cpp">
      <Filter>App\Textures</Filter>
    </ClCompile>
    <ClCompile Include="Background.cpp">
      <Filter>App\Entities\Background</Filter>
    </ClCompile>
    <ClCompile Include="FPSCounter.cpp">
      <Filter>App\Entities\UI</Filter>
    </ClCompile>
  </ItemGroup>
  <ItemGroup>
    <Filter Include="App">
      <UniqueIdentifier>{484a7bc3-8f94-4e8c-a0c6-9c9d92e80b0e}</UniqueIdentifier>
    </Filter>
    <Filter Include="App\GameObjects">
      <UniqueIdentifier>{b362188e-2ef0-49f2-b1d0-9b2ad3dede12}</UniqueIdentifier>
    </Filter>
    <Filter Include="App\Textures">
      <UniqueIdentifier>{bcfbf484-2419-436c-a99f-f9b4945cb738}</UniqueIdentifier>
    </Filter>
    <Filter Include="App\Entities">
      <UniqueIdentifier>{8323b580-e245-475b-a81f-ff83e7348733}</UniqueIdentifier>
    </Filter>
    <Filter Include="App\Entities\IconDisplay">
      <UniqueIdentifier>{733e2159-7db2-444d-aee4-970045c0bf1e}</UniqueIdentifier>
    </Filter>
    <Filter Include="App\Entities\Background">
      <UniqueIdentifier>{5430b2de-42f6-4a9d-8ee3-3c825631f606}</UniqueIdentifier>
    </Filter>
    <Filter Include="App\Entities\UI">
      <UniqueIdentifier>{0fe45982-cb00-4345-8407-30db00c75c30}</UniqueIdentifier>
    </Filter>
  </ItemGroup>
  <ItemGroup>
    <ClInclude Include="Game.h">
      <Filter>App</Filter>
    </ClInclude>
    <ClInclude Include="AGameObject.h">
      <Filter>App\GameObjects</Filter>
    </ClInclude>
    <ClInclude Include="GameObjectManager.h">
      <Filter>App\GameObjects</Filter>
    </ClInclude>
    <ClInclude Include="IconDisplay.h">
      <Filter>App\Entities\IconDisplay</Filter>
    </ClInclude>
    <ClInclude Include="Icon.h">
      <Filter>App\Entities\IconDisplay</Filter>
    </ClInclude>
    <ClInclude Include="TextureManager.h">
      <Filter>App\Textures</Filter>
    </ClInclude>
    <ClInclude Include="Background.h">
      <Filter>App\Entities\Background</Filter>
    </ClInclude>
    <ClInclude Include="FPSCounter.h">
      <Filter>App\Entities\UI</Filter>
    </ClInclude>
  </ItemGroup>
</Project>