<?xml version="1.0" encoding="utf-8"?>
<Project ToolsVersion="4.0" xmlns="http://schemas.microsoft.com/developer/msbuild/2003">
  <ItemGroup>
    <Filter Include="Utilities">
      <UniqueIdentifier>{885c15c7-f1c5-41c3-9342-f34986d50a53}</UniqueIdentifier>
    </Filter>
    <Filter Include="Objects">
      <UniqueIdentifier>{800ec3b6-c932-44f4-9261-4b95036cd037}</UniqueIdentifier>
    </Filter>
    <Filter Include="Threads">
      <UniqueIdentifier>{6179ace5-3499-4acd-9ea2-adf98a58ff8a}</UniqueIdentifier>
    </Filter>
  </ItemGroup>
  <ItemGroup>
    <ClCompile Include="vector3.cpp">
      <Filter>Utilities</Filter>
    </ClCompile>
    <ClCompile Include="main.cpp" />
    <ClCompile Include="ray.cpp">
      <Filter>Utilities</Filter>
    </ClCompile>
    <ClCompile Include="Sphere.cpp">
      <Filter>Objects</Filter>
    </ClCompile>
    <ClCompile Include="HittableList.cpp">
      <Filter>Objects</Filter>
    </ClCompile>
    <ClCompile Include="Interval.cpp">
      <Filter>Utilities</Filter>
    </ClCompile>
    <ClCompile Include="Camera.cpp">
      <Filter>Objects</Filter>
    </ClCompile>
    <ClCompile Include="RTImage.cpp">
      <Filter>Utilities</Filter>
    </ClCompile>
    <ClCompile Include="IETThread.cpp">
      <Filter>Threads</Filter>
    </ClCompile>
    <ClCompile Include="RayTraceThread.cpp">
      <Filter>Threads</Filter>
    </ClCompile>
    <ClCompile Include="ProgressTracker.cpp" />
  </ItemGroup>
  <ItemGroup>
    <ClInclude Include="vector3.h">
      <Filter>Utilities</Filter>
    </ClInclude>
    <ClInclude Include="color.h">
      <Filter>Utilities</Filter>
    </ClInclude>
    <ClInclude Include="ray.h">
      <Filter>Utilities</Filter>
    </ClInclude>
    <ClInclude Include="Sphere.h">
      <Filter>Objects</Filter>
    </ClInclude>
    <ClInclude Include="Hittable.h">
      <Filter>Objects</Filter>
    </ClInclude>
    <ClInclude Include="HittableList.h">
      <Filter>Objects</Filter>
    </ClInclude>
    <ClInclude Include="Utilities.h">
      <Filter>Utilities</Filter>
    </ClInclude>
    <ClInclude Include="Interval.h">
      <Filter>Utilities</Filter>
    </ClInclude>
    <ClInclude Include="Camera.h">
      <Filter>Objects</Filter>
    </ClInclude>
    <ClInclude Include="Material.h">
      <Filter>Utilities</Filter>
    </ClInclude>
    <ClInclude Include="RTImage.h">
      <Filter>Utilities</Filter>
    </ClInclude>
    <ClInclude Include="IETThread.h">
      <Filter>Threads</Filter>
    </ClInclude>
    <ClInclude Include="RayTraceThread.h">
      <Filter>Threads</Filter>
    </ClInclude>
    <ClInclude Include="ProgressTracker.h" />
  </ItemGroup>
</Project>